{
  "name": "notepad",
  "version": "1.0.0",
  "lockfileVersion": 1,
  "requires": true,
  "dependencies": {
    "about-window": {
      "version": "1.13.1",
      "resolved": "https://registry.npmjs.org/about-window/-/about-window-1.13.1.tgz",
      "integrity": "sha512-1gkTfnpGWh3xmPqrkJoe2Ya7lbIFGXG+/UZ8XAYQiEsnDLjF9nWSZXw5ApBpFRd3hUx0koN5uFd6hhbEB8InJQ=="
    }
  }
}
